
Microsoft Visual Studio Solution File, Format Version 12.00
# Visual Studio Version 17
VisualStudioVersion = 17.1.32421.90
MinimumVisualStudioVersion = 10.0.40219.1
Project("{9A19103F-16F7-4668-BE54-9A1E7A4F7556}") = "BeersCatalog.BLL", "BeersCatalog.BLL\BeersCatalog.BLL.csproj", "{1FEDC967-9B1C-48AC-86BC-BF6144BF045A}"
EndProject
Project("{9A19103F-16F7-4668-BE54-9A1E7A4F7556}") = "BeersCatalog.DAL", "BeersCatalog.DAL\BeersCatalog.DAL.csproj", "{4CC6ADAE-4076-4AFB-AFE3-17112CA421C2}"
EndProject
Project("{9A19103F-16F7-4668-BE54-9A1E7A4F7556}") = "BeersCatalog.API", "BeersCatalog.API\BeersCatalog.API.csproj", "{CFA162D9-BFDA-47B2-8611-8393353D67E9}"
EndProject
Project("{FAE04EC0-301F-11D3-BF4B-00C04F79EFBC}") = "BeersCatalog.Presentation", "BeersCatalog.Presentation\BeersCatalog.Presentation.csproj", "{921DF982-373F-496C-88D3-D70F8EA5E74D}"
EndProject
Global
	GlobalSection(SolutionConfigurationPlatforms) = preSolution
		Debug|Any CPU = Debug|Any CPU
		Release|Any CPU = Release|Any CPU
	EndGlobalSection
	GlobalSection(ProjectConfigurationPlatforms) = postSolution
		{1FEDC967-9B1C-48AC-86BC-BF6144BF045A}.Debug|Any CPU.ActiveCfg = Debug|Any CPU
		{1FEDC967-9B1C-48AC-86BC-BF6144BF045A}.Debug|Any CPU.Build.0 = Debug|Any CPU
		{1FEDC967-9B1C-48AC-86BC-BF6144BF045A}.Release|Any CPU.ActiveCfg = Release|Any CPU
		{1FEDC967-9B1C-48AC-86BC-BF6144BF045A}.Release|Any CPU.Build.0 = Release|Any CPU
		{4CC6ADAE-4076-4AFB-AFE3-17112CA421C2}.Debug|Any CPU.ActiveCfg = Debug|Any CPU
		{4CC6ADAE-4076-4AFB-AFE3-17112CA421C2}.Debug|Any CPU.Build.0 = Debug|Any CPU
		{4CC6ADAE-4076-4AFB-AFE3-17112CA421C2}.Release|Any CPU.ActiveCfg = Release|Any CPU
		{4CC6ADAE-4076-4AFB-AFE3-17112CA421C2}.Release|Any CPU.Build.0 = Release|Any CPU
		{CFA162D9-BFDA-47B2-8611-8393353D67E9}.Debug|Any CPU.ActiveCfg = Debug|Any CPU
		{CFA162D9-BFDA-47B2-8611-8393353D67E9}.Debug|Any CPU.Build.0 = Debug|Any CPU
		{CFA162D9-BFDA-47B2-8611-8393353D67E9}.Release|Any CPU.ActiveCfg = Release|Any CPU
		{CFA162D9-BFDA-47B2-8611-8393353D67E9}.Release|Any CPU.Build.0 = Release|Any CPU
		{921DF982-373F-496C-88D3-D70F8EA5E74D}.Debug|Any CPU.ActiveCfg = Debug|Any CPU
		{921DF982-373F-496C-88D3-D70F8EA5E74D}.Debug|Any CPU.Build.0 = Debug|Any CPU
		{921DF982-373F-496C-88D3-D70F8EA5E74D}.Release|Any CPU.ActiveCfg = Release|Any CPU
		{921DF982-373F-496C-88D3-D70F8EA5E74D}.Release|Any CPU.Build.0 = Release|Any CPU
	EndGlobalSection
	GlobalSection(SolutionProperties) = preSolution
		HideSolutionNode = FALSE
	EndGlobalSection
	GlobalSection(ExtensibilityGlobals) = postSolution
		SolutionGuid = {093FD529-FF87-474F-94CA-483E37B6E0DF}
	EndGlobalSection
EndGlobal
